
Microsoft Visual Studio Solution File, Format Version 12.00
# Visual Studio Version 16
VisualStudioVersion = 16.0.31105.61
MinimumVisualStudioVersion = 10.0.40219.1
Project("{FAE04EC0-301F-11D3-BF4B-00C04F79EFBC}") = "malakhov26", "malakhov26\malakhov26.csproj", "{86C8B2A8-049C-4177-A450-9CB46F41760D}"
EndProject
Global
	GlobalSection(SolutionConfigurationPlatforms) = preSolution
		Debug|Any CPU = Debug|Any CPU
		Release|Any CPU = Release|Any CPU
	EndGlobalSection
	GlobalSection(ProjectConfigurationPlatforms) = postSolution
		{86C8B2A8-049C-4177-A450-9CB46F41760D}.Debug|Any CPU.ActiveCfg = Debug|Any CPU
		{86C8B2A8-049C-4177-A450-9CB46F41760D}.Debug|Any CPU.Build.0 = Debug|Any CPU
		{86C8B2A8-049C-4177-A450-9CB46F41760D}.Release|Any CPU.ActiveCfg = Release|Any CPU
		{86C8B2A8-049C-4177-A450-9CB46F41760D}.Release|Any CPU.Build.0 = Release|Any CPU
	EndGlobalSection
	GlobalSection(SolutionProperties) = preSolution
		HideSolutionNode = FALSE
	EndGlobalSection
	GlobalSection(ExtensibilityGlobals) = postSolution
		SolutionGuid = {C4C3B664-A440-4E05-8144-2FF7F48CE605}
	EndGlobalSection
EndGlobal
